
Microsoft Visual Studio Solution File, Format Version 12.00
# Visual Studio Version 17
VisualStudioVersion = 17.6.33801.468
MinimumVisualStudioVersion = 10.0.40219.1
Project("{9A19103F-16F7-4668-BE54-9A1E7A4F7556}") = "CleanArchitecture.ConsoleApp", "CleanArchitecture.ConsoleApp\CleanArchitecture.ConsoleApp.csproj", "{C4D71829-64F8-4EA0-BF4F-CE09CA61CE79}"
EndProject
Project("{9A19103F-16F7-4668-BE54-9A1E7A4F7556}") = "CleanArchitecture.Data", "CleanArchitecture.Data\CleanArchitecture.Data.csproj", "{1C99729E-4CF9-4340-B98B-48D32B3D2E18}"
EndProject
Project("{9A19103F-16F7-4668-BE54-9A1E7A4F7556}") = "CleanArchitecture.Domain", "CleanArchitecture.Domain\CleanArchitecture.Domain.csproj", "{0532CD28-7228-4FAE-9DD0-76F4E2D339BE}"
EndProject
Project("{2150E333-8FDC-42A3-9474-1A3956D46DE8}") = "src", "src", "{07EDB22F-BC5A-4B60-9DCC-1A9CE6424301}"
EndProject
Project("{2150E333-8FDC-42A3-9474-1A3956D46DE8}") = "doc", "doc", "{02D6DD6E-371B-42AC-BE14-4A5ECEDCA452}"
EndProject
Project("{2150E333-8FDC-42A3-9474-1A3956D46DE8}") = "test", "test", "{275C2650-71AE-47E4-8020-DC8E44A46AFF}"
EndProject
Project("{2150E333-8FDC-42A3-9474-1A3956D46DE8}") = "API", "API", "{EE529735-341A-4D74-9761-7A2AF57BF354}"
EndProject
Project("{2150E333-8FDC-42A3-9474-1A3956D46DE8}") = "Core", "Core", "{6AAC40B8-F139-404E-8D71-220CC9C460EC}"
EndProject
Project("{2150E333-8FDC-42A3-9474-1A3956D46DE8}") = "Infrastructure", "Infrastructure", "{6B5AF0A6-8572-4219-88D4-2969C840D773}"
EndProject
Global
	GlobalSection(SolutionConfigurationPlatforms) = preSolution
		Debug|Any CPU = Debug|Any CPU
		Release|Any CPU = Release|Any CPU
	EndGlobalSection
	GlobalSection(ProjectConfigurationPlatforms) = postSolution
		{C4D71829-64F8-4EA0-BF4F-CE09CA61CE79}.Debug|Any CPU.ActiveCfg = Debug|Any CPU
		{C4D71829-64F8-4EA0-BF4F-CE09CA61CE79}.Debug|Any CPU.Build.0 = Debug|Any CPU
		{C4D71829-64F8-4EA0-BF4F-CE09CA61CE79}.Release|Any CPU.ActiveCfg = Release|Any CPU
		{C4D71829-64F8-4EA0-BF4F-CE09CA61CE79}.Release|Any CPU.Build.0 = Release|Any CPU
		{1C99729E-4CF9-4340-B98B-48D32B3D2E18}.Debug|Any CPU.ActiveCfg = Debug|Any CPU
		{1C99729E-4CF9-4340-B98B-48D32B3D2E18}.Debug|Any CPU.Build.0 = Debug|Any CPU
		{1C99729E-4CF9-4340-B98B-48D32B3D2E18}.Release|Any CPU.ActiveCfg = Release|Any CPU
		{1C99729E-4CF9-4340-B98B-48D32B3D2E18}.Release|Any CPU.Build.0 = Release|Any CPU
		{0532CD28-7228-4FAE-9DD0-76F4E2D339BE}.Debug|Any CPU.ActiveCfg = Debug|Any CPU
		{0532CD28-7228-4FAE-9DD0-76F4E2D339BE}.Debug|Any CPU.Build.0 = Debug|Any CPU
		{0532CD28-7228-4FAE-9DD0-76F4E2D339BE}.Release|Any CPU.ActiveCfg = Release|Any CPU
		{0532CD28-7228-4FAE-9DD0-76F4E2D339BE}.Release|Any CPU.Build.0 = Release|Any CPU
	EndGlobalSection
	GlobalSection(SolutionProperties) = preSolution
		HideSolutionNode = FALSE
	EndGlobalSection
	GlobalSection(NestedProjects) = preSolution
		{1C99729E-4CF9-4340-B98B-48D32B3D2E18} = {6B5AF0A6-8572-4219-88D4-2969C840D773}
		{0532CD28-7228-4FAE-9DD0-76F4E2D339BE} = {6AAC40B8-F139-404E-8D71-220CC9C460EC}
		{EE529735-341A-4D74-9761-7A2AF57BF354} = {07EDB22F-BC5A-4B60-9DCC-1A9CE6424301}
		{6AAC40B8-F139-404E-8D71-220CC9C460EC} = {07EDB22F-BC5A-4B60-9DCC-1A9CE6424301}
		{6B5AF0A6-8572-4219-88D4-2969C840D773} = {07EDB22F-BC5A-4B60-9DCC-1A9CE6424301}
	EndGlobalSection
	GlobalSection(ExtensibilityGlobals) = postSolution
		SolutionGuid = {EFDF4454-748D-44F5-A9C7-4D753380585F}
	EndGlobalSection
EndGlobal
